
Microsoft Visual Studio Solution File, Format Version 12.00
Project("{FAE04EC0-301F-11D3-BF4B-00C04F79EFBC}") = "uWidgets", "uWidgets\uWidgets.csproj", "{E2355D8E-3E18-416F-94CF-27C9A009E9EA}"
EndProject
Project("{FAE04EC0-301F-11D3-BF4B-00C04F79EFBC}") = "Clock", "Clock\Clock.csproj", "{32D68D11-C119-4385-804C-F98F6A27073D}"
EndProject
Project("{FAE04EC0-301F-11D3-BF4B-00C04F79EFBC}") = "WidgetContracts", "WidgetContracts\WidgetContracts.csproj", "{D9A9FB27-8C09-419D-A902-5946B1FDDDA9}"
EndProject
Global
	GlobalSection(SolutionConfigurationPlatforms) = preSolution
		Debug|Any CPU = Debug|Any CPU
		Release|Any CPU = Release|Any CPU
	EndGlobalSection
	GlobalSection(ProjectConfigurationPlatforms) = postSolution
		{E2355D8E-3E18-416F-94CF-27C9A009E9EA}.Debug|Any CPU.ActiveCfg = Debug|Any CPU
		{E2355D8E-3E18-416F-94CF-27C9A009E9EA}.Debug|Any CPU.Build.0 = Debug|Any CPU
		{E2355D8E-3E18-416F-94CF-27C9A009E9EA}.Release|Any CPU.ActiveCfg = Release|Any CPU
		{E2355D8E-3E18-416F-94CF-27C9A009E9EA}.Release|Any CPU.Build.0 = Release|Any CPU
		{32D68D11-C119-4385-804C-F98F6A27073D}.Debug|Any CPU.ActiveCfg = Debug|Any CPU
		{32D68D11-C119-4385-804C-F98F6A27073D}.Debug|Any CPU.Build.0 = Debug|Any CPU
		{32D68D11-C119-4385-804C-F98F6A27073D}.Release|Any CPU.ActiveCfg = Release|Any CPU
		{32D68D11-C119-4385-804C-F98F6A27073D}.Release|Any CPU.Build.0 = Release|Any CPU
		{D9A9FB27-8C09-419D-A902-5946B1FDDDA9}.Debug|Any CPU.ActiveCfg = Debug|Any CPU
		{D9A9FB27-8C09-419D-A902-5946B1FDDDA9}.Debug|Any CPU.Build.0 = Debug|Any CPU
		{D9A9FB27-8C09-419D-A902-5946B1FDDDA9}.Release|Any CPU.ActiveCfg = Release|Any CPU
		{D9A9FB27-8C09-419D-A902-5946B1FDDDA9}.Release|Any CPU.Build.0 = Release|Any CPU
	EndGlobalSection
EndGlobal
