
Microsoft Visual Studio Solution File, Format Version 12.00
Project("{FAE04EC0-301F-11D3-BF4B-00C04F79EFBC}") = "Clock", "Widgets\Clock\Clock.csproj", "{32D68D11-C119-4385-804C-F98F6A27073D}"
EndProject
Project("{FAE04EC0-301F-11D3-BF4B-00C04F79EFBC}") = "Shared", "Shared\Shared.csproj", "{5EB1825C-FA79-42B9-8301-D50683092459}"
EndProject
Project("{FAE04EC0-301F-11D3-BF4B-00C04F79EFBC}") = "uWidgets", "uWidgets\uWidgets.csproj", "{7A5EB848-34ED-4C00-8C63-80451AC33189}"
EndProject
Project("{FAE04EC0-301F-11D3-BF4B-00C04F79EFBC}") = "Calendar", "Widgets\Calendar\Calendar.csproj", "{0AFF6010-F804-42CC-932F-A99EA0EDD39C}"
EndProject
Project("{2150E333-8FDC-42A3-9474-1A3956D46DE8}") = "Widgets", "Widgets", "{5A3FB4BE-27E2-4339-89B6-D7E24ED28A90}"
EndProject
Global
	GlobalSection(SolutionConfigurationPlatforms) = preSolution
		Release|x64 = Release|x64
		Release|x86 = Release|x86
		Release|ARM32 = Release|ARM32
		Release|ARM64 = Release|ARM64
		Debug|ARM64 = Debug|ARM64
	EndGlobalSection
	GlobalSection(ProjectConfigurationPlatforms) = postSolution
		{32D68D11-C119-4385-804C-F98F6A27073D}.Release|x64.ActiveCfg = Release|x64
		{32D68D11-C119-4385-804C-F98F6A27073D}.Release|x64.Build.0 = Release|x64
		{32D68D11-C119-4385-804C-F98F6A27073D}.Release|x86.ActiveCfg = Release|x86
		{32D68D11-C119-4385-804C-F98F6A27073D}.Release|x86.Build.0 = Release|x86
		{32D68D11-C119-4385-804C-F98F6A27073D}.Release|ARM32.ActiveCfg = Release|ARM32
		{32D68D11-C119-4385-804C-F98F6A27073D}.Release|ARM32.Build.0 = Release|ARM32
		{32D68D11-C119-4385-804C-F98F6A27073D}.Release|ARM64.ActiveCfg = Release|ARM64
		{32D68D11-C119-4385-804C-F98F6A27073D}.Release|ARM64.Build.0 = Release|ARM64
		{32D68D11-C119-4385-804C-F98F6A27073D}.Debug|ARM64.ActiveCfg = Debug|ARM64
		{32D68D11-C119-4385-804C-F98F6A27073D}.Debug|ARM64.Build.0 = Debug|ARM64
		{5EB1825C-FA79-42B9-8301-D50683092459}.Release|x64.ActiveCfg = Release|x64
		{5EB1825C-FA79-42B9-8301-D50683092459}.Release|x64.Build.0 = Release|x64
		{5EB1825C-FA79-42B9-8301-D50683092459}.Release|x86.ActiveCfg = Release|x86
		{5EB1825C-FA79-42B9-8301-D50683092459}.Release|x86.Build.0 = Release|x86
		{5EB1825C-FA79-42B9-8301-D50683092459}.Release|ARM32.ActiveCfg = Release|ARM32
		{5EB1825C-FA79-42B9-8301-D50683092459}.Release|ARM32.Build.0 = Release|ARM32
		{5EB1825C-FA79-42B9-8301-D50683092459}.Release|ARM64.ActiveCfg = Release|ARM64
		{5EB1825C-FA79-42B9-8301-D50683092459}.Release|ARM64.Build.0 = Release|ARM64
		{5EB1825C-FA79-42B9-8301-D50683092459}.Debug|ARM64.ActiveCfg = Debug|ARM64
		{5EB1825C-FA79-42B9-8301-D50683092459}.Debug|ARM64.Build.0 = Debug|ARM64
		{7A5EB848-34ED-4C00-8C63-80451AC33189}.Release|x64.ActiveCfg = Release|x64
		{7A5EB848-34ED-4C00-8C63-80451AC33189}.Release|x64.Build.0 = Release|x64
		{7A5EB848-34ED-4C00-8C63-80451AC33189}.Release|x86.ActiveCfg = Release|x86
		{7A5EB848-34ED-4C00-8C63-80451AC33189}.Release|x86.Build.0 = Release|x86
		{7A5EB848-34ED-4C00-8C63-80451AC33189}.Release|ARM32.ActiveCfg = Release|ARM32
		{7A5EB848-34ED-4C00-8C63-80451AC33189}.Release|ARM32.Build.0 = Release|ARM32
		{7A5EB848-34ED-4C00-8C63-80451AC33189}.Release|ARM64.ActiveCfg = Release|ARM64
		{7A5EB848-34ED-4C00-8C63-80451AC33189}.Release|ARM64.Build.0 = Release|ARM64
		{7A5EB848-34ED-4C00-8C63-80451AC33189}.Debug|ARM64.ActiveCfg = Debug|ARM64
		{7A5EB848-34ED-4C00-8C63-80451AC33189}.Debug|ARM64.Build.0 = Debug|ARM64
		{0AFF6010-F804-42CC-932F-A99EA0EDD39C}.Release|x64.ActiveCfg = Release|x64
		{0AFF6010-F804-42CC-932F-A99EA0EDD39C}.Release|x64.Build.0 = Release|x64
		{0AFF6010-F804-42CC-932F-A99EA0EDD39C}.Release|x86.ActiveCfg = Release|x86
		{0AFF6010-F804-42CC-932F-A99EA0EDD39C}.Release|x86.Build.0 = Release|x86
		{0AFF6010-F804-42CC-932F-A99EA0EDD39C}.Release|ARM32.ActiveCfg = Release|ARM32
		{0AFF6010-F804-42CC-932F-A99EA0EDD39C}.Release|ARM32.Build.0 = Release|ARM32
		{0AFF6010-F804-42CC-932F-A99EA0EDD39C}.Release|ARM64.ActiveCfg = Release|ARM64
		{0AFF6010-F804-42CC-932F-A99EA0EDD39C}.Release|ARM64.Build.0 = Release|ARM64
		{0AFF6010-F804-42CC-932F-A99EA0EDD39C}.Debug|ARM64.ActiveCfg = Debug|ARM64
		{0AFF6010-F804-42CC-932F-A99EA0EDD39C}.Debug|ARM64.Build.0 = Debug|ARM64
	EndGlobalSection
	GlobalSection(NestedProjects) = preSolution
		{0AFF6010-F804-42CC-932F-A99EA0EDD39C} = {5A3FB4BE-27E2-4339-89B6-D7E24ED28A90}
		{32D68D11-C119-4385-804C-F98F6A27073D} = {5A3FB4BE-27E2-4339-89B6-D7E24ED28A90}
	EndGlobalSection
EndGlobal
